
Microsoft Visual Studio Solution File, Format Version 12.00
# Visual Studio 2012
Project("{FAE04EC0-301F-11D3-BF4B-00C04F79EFBC}") = "blabla", "blabla\blabla.csproj", "{636852d6-d41e-4929-bd48-1a6da3eea22c}"
EndProject
Global
	GlobalSection(SolutionConfigurationPlatforms) = preSolution
		Debug|Any CPU = Debug|Any CPU
		Release|Any CPU = Release|Any CPU
	EndGlobalSection
	GlobalSection(ProjectConfigurationPlatforms) = postSolution
		{636852D6-D41E-4929-BD48-1A6DA3EEA22C}.Debug|Any CPU.ActiveCfg = Debug|Any CPU
		{636852D6-D41E-4929-BD48-1A6DA3EEA22C}.Debug|Any CPU.Build.0 = Debug|Any CPU
		{636852D6-D41E-4929-BD48-1A6DA3EEA22C}.Release|Any CPU.ActiveCfg = Release|Any CPU
		{636852D6-D41E-4929-BD48-1A6DA3EEA22C}.Release|Any CPU.Build.0 = Release|Any CPU
	EndGlobalSection
EndGlobal
